
Microsoft Visual Studio Solution File, Format Version 12.00
# Visual Studio Version 17
VisualStudioVersion = 17.6.33829.357
MinimumVisualStudioVersion = 10.0.40219.1
Project("{FAE04EC0-301F-11D3-BF4B-00C04F79EFBC}") = "Partial 3", "Partial 3.csproj", "{9891288A-26F5-45CF-95D2-64C8A9792843}"
EndProject
Global
	GlobalSection(SolutionConfigurationPlatforms) = preSolution
		Debug|Any CPU = Debug|Any CPU
		Release|Any CPU = Release|Any CPU
	EndGlobalSection
	GlobalSection(ProjectConfigurationPlatforms) = postSolution
		{9891288A-26F5-45CF-95D2-64C8A9792843}.Debug|Any CPU.ActiveCfg = Debug|Any CPU
		{9891288A-26F5-45CF-95D2-64C8A9792843}.Debug|Any CPU.Build.0 = Debug|Any CPU
		{9891288A-26F5-45CF-95D2-64C8A9792843}.Release|Any CPU.ActiveCfg = Release|Any CPU
		{9891288A-26F5-45CF-95D2-64C8A9792843}.Release|Any CPU.Build.0 = Release|Any CPU
	EndGlobalSection
	GlobalSection(SolutionProperties) = preSolution
		HideSolutionNode = FALSE
	EndGlobalSection
	GlobalSection(ExtensibilityGlobals) = postSolution
		SolutionGuid = {8712F7D0-6FD0-448D-A474-5418E5F05B40}
	EndGlobalSection
EndGlobal
